
Microsoft Visual Studio Solution File, Format Version 12.00
# Visual Studio Version 17
VisualStudioVersion = 17.8.34525.116
MinimumVisualStudioVersion = 10.0.40219.1
Project("{FAE04EC0-301F-11D3-BF4B-00C04F79EFBC}") = "ExemploAula", "ExemploAula\ExemploAula.csproj", "{F9E2D011-4DFA-4FF6-A171-D0B3D9FA0733}"
EndProject
Global
	GlobalSection(SolutionConfigurationPlatforms) = preSolution
		Debug|Any CPU = Debug|Any CPU
		Release|Any CPU = Release|Any CPU
	EndGlobalSection
	GlobalSection(ProjectConfigurationPlatforms) = postSolution
		{F9E2D011-4DFA-4FF6-A171-D0B3D9FA0733}.Debug|Any CPU.ActiveCfg = Debug|Any CPU
		{F9E2D011-4DFA-4FF6-A171-D0B3D9FA0733}.Debug|Any CPU.Build.0 = Debug|Any CPU
		{F9E2D011-4DFA-4FF6-A171-D0B3D9FA0733}.Release|Any CPU.ActiveCfg = Release|Any CPU
		{F9E2D011-4DFA-4FF6-A171-D0B3D9FA0733}.Release|Any CPU.Build.0 = Release|Any CPU
	EndGlobalSection
	GlobalSection(SolutionProperties) = preSolution
		HideSolutionNode = FALSE
	EndGlobalSection
	GlobalSection(ExtensibilityGlobals) = postSolution
		SolutionGuid = {6DBD0882-64D1-4EEF-BDD5-EAF099E887F4}
	EndGlobalSection
EndGlobal
